
Microsoft Visual Studio Solution File, Format Version 12.00
# Visual Studio Version 17
VisualStudioVersion = 17.3.32825.248
MinimumVisualStudioVersion = 10.0.40219.1
Project("{FAE04EC0-301F-11D3-BF4B-00C04F79EFBC}") = "WpfApp_wetter", "WpfApp_wetter\WpfApp_wetter.csproj", "{D953BE1A-840D-4939-AE51-20E18900561F}"
EndProject
Global
	GlobalSection(SolutionConfigurationPlatforms) = preSolution
		Debug|Any CPU = Debug|Any CPU
		Release|Any CPU = Release|Any CPU
	EndGlobalSection
	GlobalSection(ProjectConfigurationPlatforms) = postSolution
		{D953BE1A-840D-4939-AE51-20E18900561F}.Debug|Any CPU.ActiveCfg = Debug|Any CPU
		{D953BE1A-840D-4939-AE51-20E18900561F}.Debug|Any CPU.Build.0 = Debug|Any CPU
		{D953BE1A-840D-4939-AE51-20E18900561F}.Release|Any CPU.ActiveCfg = Release|Any CPU
		{D953BE1A-840D-4939-AE51-20E18900561F}.Release|Any CPU.Build.0 = Release|Any CPU
	EndGlobalSection
	GlobalSection(SolutionProperties) = preSolution
		HideSolutionNode = FALSE
	EndGlobalSection
	GlobalSection(ExtensibilityGlobals) = postSolution
		SolutionGuid = {C0DD7EB0-0FB1-4239-8780-AA264F8C5A82}
	EndGlobalSection
EndGlobal
